
Microsoft Visual Studio Solution File, Format Version 12.00
# Visual Studio Version 17
VisualStudioVersion = 17.4.33103.184
MinimumVisualStudioVersion = 10.0.40219.1
Project("{FAE04EC0-301F-11D3-BF4B-00C04F79EFBC}") = "StudentiPredmeti", "StudentiPredmeti\StudentiPredmeti.csproj", "{5E04AD39-F9D6-4F8F-B240-EADE378F075E}"
EndProject
Global
	GlobalSection(SolutionConfigurationPlatforms) = preSolution
		Debug|Any CPU = Debug|Any CPU
		Release|Any CPU = Release|Any CPU
	EndGlobalSection
	GlobalSection(ProjectConfigurationPlatforms) = postSolution
		{5E04AD39-F9D6-4F8F-B240-EADE378F075E}.Debug|Any CPU.ActiveCfg = Debug|Any CPU
		{5E04AD39-F9D6-4F8F-B240-EADE378F075E}.Debug|Any CPU.Build.0 = Debug|Any CPU
		{5E04AD39-F9D6-4F8F-B240-EADE378F075E}.Release|Any CPU.ActiveCfg = Release|Any CPU
		{5E04AD39-F9D6-4F8F-B240-EADE378F075E}.Release|Any CPU.Build.0 = Release|Any CPU
	EndGlobalSection
	GlobalSection(SolutionProperties) = preSolution
		HideSolutionNode = FALSE
	EndGlobalSection
	GlobalSection(ExtensibilityGlobals) = postSolution
		SolutionGuid = {666903E7-AD67-451B-80A5-70B338AC598C}
	EndGlobalSection
EndGlobal
